
Microsoft Visual Studio Solution File, Format Version 12.00
# Visual Studio Version 17
VisualStudioVersion = 17.7.34031.279
MinimumVisualStudioVersion = 10.0.40219.1
Project("{FAE04EC0-301F-11D3-BF4B-00C04F79EFBC}") = "Productos", "Productos\Productos.csproj", "{808D4F3D-6AA4-4F69-A951-42E980D41409}"
EndProject
Global
	GlobalSection(SolutionConfigurationPlatforms) = preSolution
		Debug|Any CPU = Debug|Any CPU
		Release|Any CPU = Release|Any CPU
	EndGlobalSection
	GlobalSection(ProjectConfigurationPlatforms) = postSolution
		{808D4F3D-6AA4-4F69-A951-42E980D41409}.Debug|Any CPU.ActiveCfg = Debug|Any CPU
		{808D4F3D-6AA4-4F69-A951-42E980D41409}.Debug|Any CPU.Build.0 = Debug|Any CPU
		{808D4F3D-6AA4-4F69-A951-42E980D41409}.Release|Any CPU.ActiveCfg = Release|Any CPU
		{808D4F3D-6AA4-4F69-A951-42E980D41409}.Release|Any CPU.Build.0 = Release|Any CPU
	EndGlobalSection
	GlobalSection(SolutionProperties) = preSolution
		HideSolutionNode = FALSE
	EndGlobalSection
	GlobalSection(ExtensibilityGlobals) = postSolution
		SolutionGuid = {7D47705B-CCE0-447F-9051-CAF0975DE049}
	EndGlobalSection
EndGlobal
